
Microsoft Visual Studio Solution File, Format Version 12.00
# Visual Studio Version 17
VisualStudioVersion = 17.13.35919.96
MinimumVisualStudioVersion = 10.0.40219.1
Project("{FAE04EC0-301F-11D3-BF4B-00C04F79EFBC}") = "EMS-Dapper", "EMS-Dapper\EMS-Dapper.csproj", "{6E38038B-02E0-4DCF-978C-D67978B4B21E}"
EndProject
Global
	GlobalSection(SolutionConfigurationPlatforms) = preSolution
		Debug|Any CPU = Debug|Any CPU
		Release|Any CPU = Release|Any CPU
	EndGlobalSection
	GlobalSection(ProjectConfigurationPlatforms) = postSolution
		{6E38038B-02E0-4DCF-978C-D67978B4B21E}.Debug|Any CPU.ActiveCfg = Debug|Any CPU
		{6E38038B-02E0-4DCF-978C-D67978B4B21E}.Debug|Any CPU.Build.0 = Debug|Any CPU
		{6E38038B-02E0-4DCF-978C-D67978B4B21E}.Release|Any CPU.ActiveCfg = Release|Any CPU
		{6E38038B-02E0-4DCF-978C-D67978B4B21E}.Release|Any CPU.Build.0 = Release|Any CPU
	EndGlobalSection
	GlobalSection(SolutionProperties) = preSolution
		HideSolutionNode = FALSE
	EndGlobalSection
	GlobalSection(ExtensibilityGlobals) = postSolution
		SolutionGuid = {31DA013E-FA85-416F-9EC0-2682080C086C}
	EndGlobalSection
EndGlobal
